
Microsoft Visual Studio Solution File, Format Version 12.00
# Visual Studio 15
VisualStudioVersion = 15.0.26124.0
MinimumVisualStudioVersion = 15.0.26124.0
Project("{FAE04EC0-301F-11D3-BF4B-00C04F79EFBC}") = "Domain", "Domain\Domain.csproj", "{B64A0DC5-862F-49BB-8A1B-E53F25EF88B7}"
EndProject
Project("{FAE04EC0-301F-11D3-BF4B-00C04F79EFBC}") = "Application", "Application\Application.csproj", "{9869CD4F-A907-45EC-A6CB-0592A6901E46}"
EndProject
Project("{FAE04EC0-301F-11D3-BF4B-00C04F79EFBC}") = "Persistence", "Persistence\Persistence.csproj", "{CA45B5A7-1260-4EE3-BC6A-924BEABFEEF1}"
EndProject
Project("{FAE04EC0-301F-11D3-BF4B-00C04F79EFBC}") = "API", "API\API.csproj", "{0A6731CA-BA29-4425-9705-BB96B4979B59}"
EndProject
Project("{FAE04EC0-301F-11D3-BF4B-00C04F79EFBC}") = "Infrastructure", "Infrastructure\Infrastructure.csproj", "{A36C0BF7-4CC6-4276-A03A-CED9431949DA}"
EndProject
Global
	GlobalSection(SolutionConfigurationPlatforms) = preSolution
		Debug|Any CPU = Debug|Any CPU
		Debug|x64 = Debug|x64
		Debug|x86 = Debug|x86
		Release|Any CPU = Release|Any CPU
		Release|x64 = Release|x64
		Release|x86 = Release|x86
	EndGlobalSection
	GlobalSection(SolutionProperties) = preSolution
		HideSolutionNode = FALSE
	EndGlobalSection
	GlobalSection(ProjectConfigurationPlatforms) = postSolution
		{B64A0DC5-862F-49BB-8A1B-E53F25EF88B7}.Debug|Any CPU.ActiveCfg = Debug|Any CPU
		{B64A0DC5-862F-49BB-8A1B-E53F25EF88B7}.Debug|Any CPU.Build.0 = Debug|Any CPU
		{B64A0DC5-862F-49BB-8A1B-E53F25EF88B7}.Debug|x64.ActiveCfg = Debug|Any CPU
		{B64A0DC5-862F-49BB-8A1B-E53F25EF88B7}.Debug|x64.Build.0 = Debug|Any CPU
		{B64A0DC5-862F-49BB-8A1B-E53F25EF88B7}.Debug|x86.ActiveCfg = Debug|Any CPU
		{B64A0DC5-862F-49BB-8A1B-E53F25EF88B7}.Debug|x86.Build.0 = Debug|Any CPU
		{B64A0DC5-862F-49BB-8A1B-E53F25EF88B7}.Release|Any CPU.ActiveCfg = Release|Any CPU
		{B64A0DC5-862F-49BB-8A1B-E53F25EF88B7}.Release|Any CPU.Build.0 = Release|Any CPU
		{B64A0DC5-862F-49BB-8A1B-E53F25EF88B7}.Release|x64.ActiveCfg = Release|Any CPU
		{B64A0DC5-862F-49BB-8A1B-E53F25EF88B7}.Release|x64.Build.0 = Release|Any CPU
		{B64A0DC5-862F-49BB-8A1B-E53F25EF88B7}.Release|x86.ActiveCfg = Release|Any CPU
		{B64A0DC5-862F-49BB-8A1B-E53F25EF88B7}.Release|x86.Build.0 = Release|Any CPU
		{9869CD4F-A907-45EC-A6CB-0592A6901E46}.Debug|Any CPU.ActiveCfg = Debug|Any CPU
		{9869CD4F-A907-45EC-A6CB-0592A6901E46}.Debug|Any CPU.Build.0 = Debug|Any CPU
		{9869CD4F-A907-45EC-A6CB-0592A6901E46}.Debug|x64.ActiveCfg = Debug|Any CPU
		{9869CD4F-A907-45EC-A6CB-0592A6901E46}.Debug|x64.Build.0 = Debug|Any CPU
		{9869CD4F-A907-45EC-A6CB-0592A6901E46}.Debug|x86.ActiveCfg = Debug|Any CPU
		{9869CD4F-A907-45EC-A6CB-0592A6901E46}.Debug|x86.Build.0 = Debug|Any CPU
		{9869CD4F-A907-45EC-A6CB-0592A6901E46}.Release|Any CPU.ActiveCfg = Release|Any CPU
		{9869CD4F-A907-45EC-A6CB-0592A6901E46}.Release|Any CPU.Build.0 = Release|Any CPU
		{9869CD4F-A907-45EC-A6CB-0592A6901E46}.Release|x64.ActiveCfg = Release|Any CPU
		{9869CD4F-A907-45EC-A6CB-0592A6901E46}.Release|x64.Build.0 = Release|Any CPU
		{9869CD4F-A907-45EC-A6CB-0592A6901E46}.Release|x86.ActiveCfg = Release|Any CPU
		{9869CD4F-A907-45EC-A6CB-0592A6901E46}.Release|x86.Build.0 = Release|Any CPU
		{CA45B5A7-1260-4EE3-BC6A-924BEABFEEF1}.Debug|Any CPU.ActiveCfg = Debug|Any CPU
		{CA45B5A7-1260-4EE3-BC6A-924BEABFEEF1}.Debug|Any CPU.Build.0 = Debug|Any CPU
		{CA45B5A7-1260-4EE3-BC6A-924BEABFEEF1}.Debug|x64.ActiveCfg = Debug|Any CPU
		{CA45B5A7-1260-4EE3-BC6A-924BEABFEEF1}.Debug|x64.Build.0 = Debug|Any CPU
		{CA45B5A7-1260-4EE3-BC6A-924BEABFEEF1}.Debug|x86.ActiveCfg = Debug|Any CPU
		{CA45B5A7-1260-4EE3-BC6A-924BEABFEEF1}.Debug|x86.Build.0 = Debug|Any CPU
		{CA45B5A7-1260-4EE3-BC6A-924BEABFEEF1}.Release|Any CPU.ActiveCfg = Release|Any CPU
		{CA45B5A7-1260-4EE3-BC6A-924BEABFEEF1}.Release|Any CPU.Build.0 = Release|Any CPU
		{CA45B5A7-1260-4EE3-BC6A-924BEABFEEF1}.Release|x64.ActiveCfg = Release|Any CPU
		{CA45B5A7-1260-4EE3-BC6A-924BEABFEEF1}.Release|x64.Build.0 = Release|Any CPU
		{CA45B5A7-1260-4EE3-BC6A-924BEABFEEF1}.Release|x86.ActiveCfg = Release|Any CPU
		{CA45B5A7-1260-4EE3-BC6A-924BEABFEEF1}.Release|x86.Build.0 = Release|Any CPU
		{0A6731CA-BA29-4425-9705-BB96B4979B59}.Debug|Any CPU.ActiveCfg = Debug|Any CPU
		{0A6731CA-BA29-4425-9705-BB96B4979B59}.Debug|Any CPU.Build.0 = Debug|Any CPU
		{0A6731CA-BA29-4425-9705-BB96B4979B59}.Debug|x64.ActiveCfg = Debug|Any CPU
		{0A6731CA-BA29-4425-9705-BB96B4979B59}.Debug|x64.Build.0 = Debug|Any CPU
		{0A6731CA-BA29-4425-9705-BB96B4979B59}.Debug|x86.ActiveCfg = Debug|Any CPU
		{0A6731CA-BA29-4425-9705-BB96B4979B59}.Debug|x86.Build.0 = Debug|Any CPU
		{0A6731CA-BA29-4425-9705-BB96B4979B59}.Release|Any CPU.ActiveCfg = Release|Any CPU
		{0A6731CA-BA29-4425-9705-BB96B4979B59}.Release|Any CPU.Build.0 = Release|Any CPU
		{0A6731CA-BA29-4425-9705-BB96B4979B59}.Release|x64.ActiveCfg = Release|Any CPU
		{0A6731CA-BA29-4425-9705-BB96B4979B59}.Release|x64.Build.0 = Release|Any CPU
		{0A6731CA-BA29-4425-9705-BB96B4979B59}.Release|x86.ActiveCfg = Release|Any CPU
		{0A6731CA-BA29-4425-9705-BB96B4979B59}.Release|x86.Build.0 = Release|Any CPU
		{A36C0BF7-4CC6-4276-A03A-CED9431949DA}.Debug|Any CPU.ActiveCfg = Debug|Any CPU
		{A36C0BF7-4CC6-4276-A03A-CED9431949DA}.Debug|Any CPU.Build.0 = Debug|Any CPU
		{A36C0BF7-4CC6-4276-A03A-CED9431949DA}.Debug|x64.ActiveCfg = Debug|Any CPU
		{A36C0BF7-4CC6-4276-A03A-CED9431949DA}.Debug|x64.Build.0 = Debug|Any CPU
		{A36C0BF7-4CC6-4276-A03A-CED9431949DA}.Debug|x86.ActiveCfg = Debug|Any CPU
		{A36C0BF7-4CC6-4276-A03A-CED9431949DA}.Debug|x86.Build.0 = Debug|Any CPU
		{A36C0BF7-4CC6-4276-A03A-CED9431949DA}.Release|Any CPU.ActiveCfg = Release|Any CPU
		{A36C0BF7-4CC6-4276-A03A-CED9431949DA}.Release|Any CPU.Build.0 = Release|Any CPU
		{A36C0BF7-4CC6-4276-A03A-CED9431949DA}.Release|x64.ActiveCfg = Release|Any CPU
		{A36C0BF7-4CC6-4276-A03A-CED9431949DA}.Release|x64.Build.0 = Release|Any CPU
		{A36C0BF7-4CC6-4276-A03A-CED9431949DA}.Release|x86.ActiveCfg = Release|Any CPU
		{A36C0BF7-4CC6-4276-A03A-CED9431949DA}.Release|x86.Build.0 = Release|Any CPU
	EndGlobalSection
EndGlobal
